Microsoft Visual Studio Solution File, Format Version 12.00
Project("{2AE9316E-55E8-4E42-BEC0-0F7ACC64A6FF}") = "Raiffeisen.Ecom", "Raiffeisen.Ecom\Raiffeisen.Ecom.csproj", "{3CB66C5A-B202-4509-8FF9-C6851732202A}"
EndProject
Project("{2AE9316E-55E8-4E42-BEC0-0F7ACC64A6FF}") = "Raiffeisen.Ecom.Test", "Raiffeisen.Ecom.Test\Raiffeisen.Ecom.Test.csproj", "{0E0D56B5-238F-4377-A879-9C108C0B1120}"
EndProject
Project("{2150E333-8FDC-42A3-9474-1A3956D46DE8}") = "SolutionItems", "SolutionItems", "{33DBEE40-F899-4A33-B11B-F5BE08201185}"
	ProjectSection(SolutionItems) = preProject
		.gitattributes = .gitattributes
		.gitignore = .gitignore
		LICENSE = LICENSE
		README.md = README.md
		.github\workflows\nuget.yaml = .github\workflows\nuget.yaml
		.github\workflows\test.yaml = .github\workflows\test.yaml
	EndProjectSection
EndProject
Global
	GlobalSection(SolutionConfigurationPlatforms) = preSolution
		Debug|Any CPU = Debug|Any CPU
		Release|Any CPU = Release|Any CPU
	EndGlobalSection
	GlobalSection(ProjectConfigurationPlatforms) = postSolution
		{3CB66C5A-B202-4509-8FF9-C6851732202A}.Debug|Any CPU.ActiveCfg = Debug|Any CPU
		{3CB66C5A-B202-4509-8FF9-C6851732202A}.Debug|Any CPU.Build.0 = Debug|Any CPU
		{3CB66C5A-B202-4509-8FF9-C6851732202A}.Release|Any CPU.ActiveCfg = Release|Any CPU
		{3CB66C5A-B202-4509-8FF9-C6851732202A}.Release|Any CPU.Build.0 = Release|Any CPU
		{0E0D56B5-238F-4377-A879-9C108C0B1120}.Debug|Any CPU.ActiveCfg = Debug|Any CPU
		{0E0D56B5-238F-4377-A879-9C108C0B1120}.Debug|Any CPU.Build.0 = Debug|Any CPU
		{0E0D56B5-238F-4377-A879-9C108C0B1120}.Release|Any CPU.ActiveCfg = Release|Any CPU
		{0E0D56B5-238F-4377-A879-9C108C0B1120}.Release|Any CPU.Build.0 = Release|Any CPU
	EndGlobalSection
	GlobalSection(SolutionProperties) = preSolution
		HideSolutionNode = TRUE
	EndGlobalSection
	GlobalSection(ExtensibilityGlobals) = postSolution
		SolutionGuid = {029B62C8-9F62-4B01-B617-078060CE66C6}
	EndGlobalSection
EndGlobal
